// !$*UTF8*$!
{
	archiveVersion = 1;
	classes = {
	};
	objectVersion = 46;
	objects = {

/* Begin PBXBuildFile section */
		8E58E8CC1D1C6A92004247DB /* AppDelegate.swift in Sources */ = {isa = PBXBuildFile; fileRef = 8E58E8CB1D1C6A92004247DB /* AppDelegate.swift */; };
		8E58E8CE1D1C6A92004247DB /* ViewController.swift in Sources */ = {isa = PBXBuildFile; fileRef = 8E58E8CD1D1C6A92004247DB /* ViewController.swift */; };
		8E58E8D11D1C6A92004247DB /* Main.storyboard in Resources */ = {isa = PBXBuildFile; fileRef = 8E58E8CF1D1C6A92004247DB /* Main.storyboard */; };
		8E58E8D31D1C6A92004247DB /* Assets.xcassets in Resources */ = {isa = PBXBuildFile; fileRef = 8E58E8D21D1C6A92004247DB /* Assets.xcassets */; };
		8E58E8D61D1C6A92004247DB /* LaunchScreen.storyboard in Resources */ = {isa = PBXBuildFile; fileRef = 8E58E8D41D1C6A92004247DB /* LaunchScreen.storyboard */; };
		8E58E8E11D1C6A92004247DB /* InstaPryntTests.swift in Sources */ = {isa = PBXBuildFile; fileRef = 8E58E8E01D1C6A92004247DB /* InstaPryntTests.swift */; };
		8E58E8EC1D1C6A92004247DB /* InstaPryntUITests.swift in Sources */ = {isa = PBXBuildFile; fileRef = 8E58E8EB1D1C6A92004247DB /* InstaPryntUITests.swift */; };
/* End PBXBuildFile section */

/* Begin PBXContainerItemProxy section */
		8E58E8DD1D1C6A92004247DB /* PBXContainerItemProxy */ = {
			isa = PBXContainerItemProxy;
			containerPortal = 8E58E8C01D1C6A91004247DB /* Project object */;
			proxyType = 1;
			remoteGlobalIDString = 8E58E8C71D1C6A91004247DB;
			remoteInfo = InstaPrynt;
		};
		8E58E8E81D1C6A92004247DB /* PBXContainerItemProxy */ = {
			isa = PBXContainerItemProxy;
			containerPortal = 8E58E8C01D1C6A91004247DB /* Project object */;
			proxyType = 1;
			remoteGlobalIDString = 8E58E8C71D1C6A91004247DB;
			remoteInfo = InstaPrynt;
		};
/* End PBXContainerItemProxy section */

/* Begin PBXFileReference section */
		8E58E8C81D1C6A92004247DB /* InstaPrynt.app */ = {isa = PBXFileReference; explicitFileType = wrapper.application; includeInIndex = 0; path = InstaPrynt.app; sourceTree = BUILT_PRODUCTS_DIR; };
		8E58E8CB1D1C6A92004247DB /* AppDelegate.swift */ = {isa = PBXFileReference; lastKnownFileType = sourcecode.swift; path = AppDelegate.swift; sourceTree = "<group>"; };
		8E58E8CD1D1C6A92004247DB /* ViewController.swift */ = {isa = PBXFileReference; lastKnownFileType = sourcecode.swift; path = ViewController.swift; sourceTree = "<group>"; };
		8E58E8D01D1C6A92004247DB /* Base */ = {isa = PBXFileReference; lastKnownFileType = file.storyboard; name = Base; path = Base.lproj/Main.storyboard; sourceTree = "<group>"; };
		8E58E8D21D1C6A92004247DB /* Assets.xcassets */ = {isa = PBXFileReference; lastKnownFileType = folder.assetcatalog; path = Assets.xcassets; sourceTree = "<group>"; };
		8E58E8D51D1C6A92004247DB /* Base */ = {isa = PBXFileReference; lastKnownFileType = file.storyboard; name = Base; path = Base.lproj/LaunchScreen.storyboard; sourceTree = "<group>"; };
		8E58E8D71D1C6A92004247DB /* Info.plist */ = {isa = PBXFileReference; lastKnownFileType = text.plist.xml; path = Info.plist; sourceTree = "<group>"; };
		8E58E8DC1D1C6A92004247DB /* InstaPryntTests.xctest */ = {isa = PBXFileReference; explicitFileType = wrapper.cfbundle; includeInIndex = 0; path = InstaPryntTests.xctest; sourceTree = BUILT_PRODUCTS_DIR; };
		8E58E8E01D1C6A92004247DB /* InstaPryntTests.swift */ = {isa = PBXFileReference; lastKnownFileType = sourcecode.swift; path = InstaPryntTests.swift; sourceTree = "<group>"; };
		8E58E8E21D1C6A92004247DB /* Info.plist */ = {isa = PBXFileReference; lastKnownFileType = text.plist.xml; path = Info.plist; sourceTree = "<group>"; };
		8E58E8E71D1C6A92004247DB /* InstaPryntUITests.xctest */ = {isa = PBXFileReference; explicitFileType = wrapper.cfbundle; includeInIndex = 0; path = InstaPryntUITests.xctest; sourceTree = BUILT_PRODUCTS_DIR; };
		8E58E8EB1D1C6A92004247DB /* InstaPryntUITests.swift */ = {isa = PBXFileReference; lastKnownFileType = sourcecode.swift; path = InstaPryntUITests.swift; sourceTree = "<group>"; };
		8E58E8ED1D1C6A92004247DB /* Info.plist */ = {isa = PBXFileReference; lastKnownFileType = text.plist.xml; path = Info.plist; sourceTree = "<group>"; };
/* End PBXFileReference section */

/* Begin PBXFrameworksBuildPhase section */
		8E58E8C51D1C6A91004247DB /* Frameworks */ = {
			isa = PBXFrameworksBuildPhase;
			buildActionMask = 2147483647;
			files = (
			);
			runOnlyForDeploymentPostprocessing = 0;
		};
		8E58E8D91D1C6A92004247DB /* Frameworks */ = {
			isa = PBXFrameworksBuildPhase;
			buildActionMask = 2147483647;
			files = (
			);
			runOnlyForDeploymentPostprocessing = 0;
		};
		8E58E8E41D1C6A92004247DB /* Frameworks */ = {
			isa = PBXFrameworksBuildPhase;
			buildActionMask = 2147483647;
			files = (
			);
			runOnlyForDeploymentPostprocessing = 0;
		};
/* End PBXFrameworksBuildPhase section */

/* Begin PBXGroup section */
		8E58E8BF1D1C6A91004247DB = {
			isa = PBXGroup;
			children = (
				8E58E8CA1D1C6A92004247DB /* InstaPrynt */,
				8E58E8DF1D1C6A92004247DB /* InstaPryntTests */,
				8E58E8EA1D1C6A92004247DB /* InstaPryntUITests */,
				8E58E8C91D1C6A92004247DB /* Products */,
			);
			sourceTree = "<group>";
		};
		8E58E8C91D1C6A92004247DB /* Products */ = {
			isa = PBXGroup;
			children = (
				8E58E8C81D1C6A92004247DB /* InstaPrynt.app */,
				8E58E8DC1D1C6A92004247DB /* InstaPryntTests.xctest */,
				8E58E8E71D1C6A92004247DB /* InstaPryntUITests.xctest */,
			);
			name = Products;
			sourceTree = "<group>";
		};
		8E58E8CA1D1C6A92004247DB /* InstaPrynt */ = {
			isa = PBXGroup;
			children = (
				8E58E8CB1D1C6A92004247DB /* AppDelegate.swift */,
				8E58E8CD1D1C6A92004247DB /* ViewController.swift */,
				8E58E8CF1D1C6A92004247DB /* Main.storyboard */,
				8E58E8D21D1C6A92004247DB /* Assets.xcassets */,
				8E58E8D41D1C6A92004247DB /* LaunchScreen.storyboard */,
				8E58E8D71D1C6A92004247DB /* Info.plist */,
			);
			path = InstaPrynt;
			sourceTree = "<group>";
		};
		8E58E8DF1D1C6A92004247DB /* InstaPryntTests */ = {
			isa = PBXGroup;
			children = (
				8E58E8E01D1C6A92004247DB /* InstaPryntTests.swift */,
				8E58E8E21D1C6A92004247DB /* Info.plist */,
			);
			path = InstaPryntTests;
			sourceTree = "<group>";
		};
		8E58E8EA1D1C6A92004247DB /* InstaPryntUITests */ = {
			isa = PBXGroup;
			children = (
				8E58E8EB1D1C6A92004247DB /* InstaPryntUITests.swift */,
				8E58E8ED1D1C6A92004247DB /* Info.plist */,
			);
			path = InstaPryntUITests;
			sourceTree = "<group>";
		};
/* End PBXGroup section */

/* Begin PBXNativeTarget section */
		8E58E8C71D1C6A91004247DB /* InstaPrynt */ = {
			isa = PBXNativeTarget;
			buildConfigurationList = 8E58E8F01D1C6A92004247DB /* Build configuration list for PBXNativeTarget "InstaPrynt" */;
			buildPhases = (
				8E58E8C41D1C6A91004247DB /* Sources */,
				8E58E8C51D1C6A91004247DB /* Frameworks */,
				8E58E8C61D1C6A91004247DB /* Resources */,
			);
			buildRules = (
			);
			dependencies = (
			);
			name = InstaPrynt;
			productName = InstaPrynt;
			productReference = 8E58E8C81D1C6A92004247DB /* InstaPrynt.app */;
			productType = "com.apple.product-type.application";
		};
		8E58E8DB1D1C6A92004247DB /* InstaPryntTests */ = {
			isa = PBXNativeTarget;
			buildConfigurationList = 8E58E8F31D1C6A92004247DB /* Build configuration list for PBXNativeTarget "InstaPryntTests" */;
			buildPhases = (
				8E58E8D81D1C6A92004247DB /* Sources */,
				8E58E8D91D1C6A92004247DB /* Frameworks */,
				8E58E8DA1D1C6A92004247DB /* Resources */,
			);
			buildRules = (
			);
			dependencies = (
				8E58E8DE1D1C6A92004247DB /* PBXTargetDependency */,
			);
			name = InstaPryntTests;
			productName = InstaPryntTests;
			productReference = 8E58E8DC1D1C6A92004247DB /* InstaPryntTests.xctest */;
			productType = "com.apple.product-type.bundle.unit-test";
		};
		8E58E8E61D1C6A92004247DB /* InstaPryntUITests */ = {
			isa = PBXNativeTarget;
			buildConfigurationList = 8E58E8F61D1C6A92004247DB /* Build configuration list for PBXNativeTarget "InstaPryntUITests" */;
			buildPhases = (
				8E58E8E31D1C6A92004247DB /* Sources */,
				8E58E8E41D1C6A92004247DB /* Frameworks */,
				8E58E8E51D1C6A92004247DB /* Resources */,
			);
			buildRules = (
			);
			dependencies = (
				8E58E8E91D1C6A92004247DB /* PBXTargetDependency */,
			);
			name = InstaPryntUITests;
			productName = InstaPryntUITests;
			productReference = 8E58E8E71D1C6A92004247DB /* InstaPryntUITests.xctest */;
			productType = "com.apple.product-type.bundle.ui-testing";
		};
/* End PBXNativeTarget section */

/* Begin PBXProject section */
		8E58E8C01D1C6A91004247DB /* Project object */ = {
			isa = PBXProject;
			attributes = {
				LastSwiftUpdateCheck = 0730;
				LastUpgradeCheck = 0730;
				ORGANIZATIONNAME = "Brian Endo";
				TargetAttributes = {
					8E58E8C71D1C6A91004247DB = {
						CreatedOnToolsVersion = 7.3;
					};
					8E58E8DB1D1C6A92004247DB = {
						CreatedOnToolsVersion = 7.3;
						TestTargetID = 8E58E8C71D1C6A91004247DB;
					};
					8E58E8E61D1C6A92004247DB = {
						CreatedOnToolsVersion = 7.3;
						TestTargetID = 8E58E8C71D1C6A91004247DB;
					};
				};
			};
			buildConfigurationList = 8E58E8C31D1C6A91004247DB /* Build configuration list for PBXProject "InstaPrynt" */;
			compatibilityVersion = "Xcode 3.2";
			developmentRegion = English;
			hasScannedForEncodings = 0;
			knownRegions = (
				en,
				Base,
			);
			mainGroup = 8E58E8BF1D1C6A91004247DB;
			productRefGroup = 8E58E8C91D1C6A92004247DB /* Products */;
			projectDirPath = "";
			projectRoot = "";
			targets = (
				8E58E8C71D1C6A91004247DB /* InstaPrynt */,
				8E58E8DB1D1C6A92004247DB /* InstaPryntTests */,
				8E58E8E61D1C6A92004247DB /* InstaPryntUITests */,
			);
		};
/* End PBXProject section */

/* Begin PBXResourcesBuildPhase section */
		8E58E8C61D1C6A91004247DB /* Resources */ = {
			isa = PBXResourcesBuildPhase;
			buildActionMask = 2147483647;
			files = (
				8E58E8D61D1C6A92004247DB /* LaunchScreen.storyboard in Resources */,
				8E58E8D31D1C6A92004247DB /* Assets.xcassets in Resources */,
				8E58E8D11D1C6A92004247DB /* Main.storyboard in Resources */,
			);
			runOnlyForDeploymentPostprocessing = 0;
		};
		8E58E8DA1D1C6A92004247DB /* Resources */ = {
			isa = PBXResourcesBuildPhase;
			buildActionMask = 2147483647;
			files = (
			);
			runOnlyForDeploymentPostprocessing = 0;
		};
		8E58E8E51D1C6A92004247DB /* Resources */ = {
			isa = PBXResourcesBuildPhase;
			buildActionMask = 2147483647;
			files = (
			);
			runOnlyForDeploymentPostprocessing = 0;
		};
/* End PBXResourcesBuildPhase section */

/* Begin PBXSourcesBuildPhase section */
		8E58E8C41D1C6A91004247DB /* Sources */ = {
			isa = PBXSourcesBuildPhase;
			buildActionMask = 2147483647;
			files = (
				8E58E8CE1D1C6A92004247DB /* ViewController.swift in Sources */,
				8E58E8CC1D1C6A92004247DB /* AppDelegate.swift in Sources */,
			);
			runOnlyForDeploymentPostprocessing = 0;
		};
		8E58E8D81D1C6A92004247DB /* Sources */ = {
			isa = PBXSourcesBuildPhase;
			buildActionMask = 2147483647;
			files = (
				8E58E8E11D1C6A92004247DB /* InstaPryntTests.swift in Sources */,
			);
			runOnlyForDeploymentPostprocessing = 0;
		};
		8E58E8E31D1C6A92004247DB /* Sources */ = {
			isa = PBXSourcesBuildPhase;
			buildActionMask = 2147483647;
			files = (
				8E58E8EC1D1C6A92004247DB /* InstaPryntUITests.swift in Sources */,
			);
			runOnlyForDeploymentPostprocessing = 0;
		};
/* End PBXSourcesBuildPhase section */

/* Begin PBXTargetDependency section */
		8E58E8DE1D1C6A92004247DB /* PBXTargetDependency */ = {
			isa = PBXTargetDependency;
			target = 8E58E8C71D1C6A91004247DB /* InstaPrynt */;
			targetProxy = 8E58E8DD1D1C6A92004247DB /* PBXContainerItemProxy */;
		};
		8E58E8E91D1C6A92004247DB /* PBXTargetDependency */ = {
			isa = PBXTargetDependency;
			target = 8E58E8C71D1C6A91004247DB /* InstaPrynt */;
			targetProxy = 8E58E8E81D1C6A92004247DB /* PBXContainerItemProxy */;
		};
/* End PBXTargetDependency section */

/* Begin PBXVariantGroup section */
		8E58E8CF1D1C6A92004247DB /* Main.storyboard */ = {
			isa = PBXVariantGroup;
			children = (
				8E58E8D01D1C6A92004247DB /* Base */,
			);
			name = Main.storyboard;
			sourceTree = "<group>";
		};
		8E58E8D41D1C6A92004247DB /* LaunchScreen.storyboard */ = {
			isa = PBXVariantGroup;
			children = (
				8E58E8D51D1C6A92004247DB /* Base */,
			);
			name = LaunchScreen.storyboard;
			sourceTree = "<group>";
		};
/* End PBXVariantGroup section */

/* Begin XCBuildConfiguration section */
		8E58E8EE1D1C6A92004247DB /* Debug */ = {
			isa = XCBuildConfiguration;
			buildSettings = {
				ALWAYS_SEARCH_USER_PATHS = NO;
				CLANG_ANALYZER_NONNULL = YES;
				CLANG_CXX_LANGUAGE_STANDARD = "gnu++0x";
				CLANG_CXX_LIBRARY = "libc++";
				CLANG_ENABLE_MODULES = YES;
				CLANG_ENABLE_OBJC_ARC = YES;
				CLANG_WARN_BOOL_CONVERSION = YES;
				CLANG_WARN_CONSTANT_CONVERSION = YES;
				CLANG_WARN_DIRECT_OBJC_ISA_USAGE = YES_ERROR;
				CLANG_WARN_EMPTY_BODY = YES;
				CLANG_WARN_ENUM_CONVERSION = YES;
				CLANG_WARN_INT_CONVERSION = YES;
				CLANG_WARN_OBJC_ROOT_CLASS = YES_ERROR;
				CLANG_WARN_UNREACHABLE_CODE = YES;
				CLANG_WARN__DUPLICATE_METHOD_MATCH = YES;
				"CODE_SIGN_IDENTITY[sdk=iphoneos*]" = "iPhone Developer";
				COPY_PHASE_STRIP = NO;
				DEBUG_INFORMATION_FORMAT = dwarf;
				ENABLE_STRICT_OBJC_MSGSEND = YES;
				ENABLE_TESTABILITY = YES;
				GCC_C_LANGUAGE_STANDARD = gnu99;
				GCC_DYNAMIC_NO_PIC = NO;
				GCC_NO_COMMON_BLOCKS = YES;
				GCC_OPTIMIZATION_LEVEL = 0;
				GCC_PREPROCESSOR_DEFINITIONS = (
					"DEBUG=1",
					"$(inherited)",
				);
				GCC_WARN_64_TO_32_BIT_CONVERSION = YES;
				GCC_WARN_ABOUT_RETURN_TYPE = YES_ERROR;
				GCC_WARN_UNDECLARED_SELECTOR = YES;
				GCC_WARN_UNINITIALIZED_AUTOS = YES_AGGRESSIVE;
				GCC_WARN_UNUSED_FUNCTION = YES;
				GCC_WARN_UNUSED_VARIABLE = YES;
				IPHONEOS_DEPLOYMENT_TARGET = 9.3;
				MTL_ENABLE_DEBUG_INFO = YES;
				ONLY_ACTIVE_ARCH = YES;
				SDKROOT = iphoneos;
				SWIFT_OPTIMIZATION_LEVEL = "-Onone";
			};
			name = Debug;
		};
		8E58E8EF1D1C6A92004247DB /* Release */ = {
			isa = XCBuildConfiguration;
			buildSettings = {
				ALWAYS_SEARCH_USER_PATHS = NO;
				CLANG_ANALYZER_NONNULL = YES;
				CLANG_CXX_LANGUAGE_STANDARD = "gnu++0x";
				CLANG_CXX_LIBRARY = "libc++";
				CLANG_ENABLE_MODULES = YES;
				CLANG_ENABLE_OBJC_ARC = YES;
				CLANG_WARN_BOOL_CONVERSION = YES;
				CLANG_WARN_CONSTANT_CONVERSION = YES;
				CLANG_WARN_DIRECT_OBJC_ISA_USAGE = YES_ERROR;
				CLANG_WARN_EMPTY_BODY = YES;
				CLANG_WARN_ENUM_CONVERSION = YES;
				CLANG_WARN_INT_CONVERSION = YES;
				CLANG_WARN_OBJC_ROOT_CLASS = YES_ERROR;
				CLANG_WARN_UNREACHABLE_CODE = YES;
				CLANG_WARN__DUPLICATE_METHOD_MATCH = YES;
				"CODE_SIGN_IDENTITY[sdk=iphoneos*]" = "iPhone Developer";
				COPY_PHASE_STRIP = NO;
				DEBUG_INFORMATION_FORMAT = "dwarf-with-dsym";
				ENABLE_NS_ASSERTIONS = NO;
				ENABLE_STRICT_OBJC_MSGSEND = YES;
				GCC_C_LANGUAGE_STANDARD = gnu99;
				GCC_NO_COMMON_BLOCKS = YES;
				GCC_WARN_64_TO_32_BIT_CONVERSION = YES;
				GCC_WARN_ABOUT_RETURN_TYPE = YES_ERROR;
				GCC_WARN_UNDECLARED_SELECTOR = YES;
				GCC_WARN_UNINITIALIZED_AUTOS = YES_AGGRESSIVE;
				GCC_WARN_UNUSED_FUNCTION = YES;
				GCC_WARN_UNUSED_VARIABLE = YES;
				IPHONEOS_DEPLOYMENT_TARGET = 9.3;
				MTL_ENABLE_DEBUG_INFO = NO;
				SDKROOT = iphoneos;
				VALIDATE_PRODUCT = YES;
			};
			name = Release;
		};
		8E58E8F11D1C6A92004247DB /* Debug */ = {
			isa = XCBuildConfiguration;
			buildSettings = {
				ASSETCATALOG_COMPILER_APPICON_NAME = AppIcon;
				INFOPLIST_FILE = InstaPrynt/Info.plist;
				LD_RUNPATH_SEARCH_PATHS = "$(inherited) @executable_path/Frameworks";
				PRODUCT_BUNDLE_IDENTIFIER = com.brianendo.InstaPrynt;
				PRODUCT_NAME = "$(TARGET_NAME)";
			};
			name = Debug;
		};
		8E58E8F21D1C6A92004247DB /* Release */ = {
			isa = XCBuildConfiguration;
			buildSettings = {
				ASSETCATALOG_COMPILER_APPICON_NAME = AppIcon;
				INFOPLIST_FILE = InstaPrynt/Info.plist;
				LD_RUNPATH_SEARCH_PATHS = "$(inherited) @executable_path/Frameworks";
				PRODUCT_BUNDLE_IDENTIFIER = com.brianendo.InstaPrynt;
				PRODUCT_NAME = "$(TARGET_NAME)";
			};
			name = Release;
		};
		8E58E8F41D1C6A92004247DB /* Debug */ = {
			isa = XCBuildConfiguration;
			buildSettings = {
				BUNDLE_LOADER = "$(TEST_HOST)";
				INFOPLIST_FILE = InstaPryntTests/Info.plist;
				LD_RUNPATH_SEARCH_PATHS = "$(inherited) @executable_path/Frameworks @loader_path/Frameworks";
				PRODUCT_BUNDLE_IDENTIFIER = com.brianendo.InstaPryntTests;
				PRODUCT_NAME = "$(TARGET_NAME)";
				TEST_HOST = "$(BUILT_PRODUCTS_DIR)/InstaPrynt.app/InstaPrynt";
			};
			name = Debug;
		};
		8E58E8F51D1C6A92004247DB /* Release */ = {
			isa = XCBuildConfiguration;
			buildSettings = {
				BUNDLE_LOADER = "$(TEST_HOST)";
				INFOPLIST_FILE = InstaPryntTests/Info.plist;
				LD_RUNPATH_SEARCH_PATHS = "$(inherited) @executable_path/Frameworks @loader_path/Frameworks";
				PRODUCT_BUNDLE_IDENTIFIER = com.brianendo.InstaPryntTests;
				PRODUCT_NAME = "$(TARGET_NAME)";
				TEST_HOST = "$(BUILT_PRODUCTS_DIR)/InstaPrynt.app/InstaPrynt";
			};
			name = Release;
		};
		8E58E8F71D1C6A92004247DB /* Debug */ = {
			isa = XCBuildConfiguration;
			buildSettings = {
				INFOPLIST_FILE = InstaPryntUITests/Info.plist;
				LD_RUNPATH_SEARCH_PATHS = "$(inherited) @executable_path/Frameworks @loader_path/Frameworks";
				PRODUCT_BUNDLE_IDENTIFIER = com.brianendo.InstaPryntUITests;
				PRODUCT_NAME = "$(TARGET_NAME)";
				TEST_TARGET_NAME = InstaPrynt;
			};
			name = Debug;
		};
		8E58E8F81D1C6A92004247DB /* Release */ = {
			isa = XCBuildConfiguration;
			buildSettings = {
				INFOPLIST_FILE = InstaPryntUITests/Info.plist;
				LD_RUNPATH_SEARCH_PATHS = "$(inherited) @executable_path/Frameworks @loader_path/Frameworks";
				PRODUCT_BUNDLE_IDENTIFIER = com.brianendo.InstaPryntUITests;
				PRODUCT_NAME = "$(TARGET_NAME)";
				TEST_TARGET_NAME = InstaPrynt;
			};
			name = Release;
		};
/* End XCBuildConfiguration section */

/* Begin XCConfigurationList section */
		8E58E8C31D1C6A91004247DB /* Build configuration list for PBXProject "InstaPrynt" */ = {
			isa = XCConfigurationList;
			buildConfigurations = (
				8E58E8EE1D1C6A92004247DB /* Debug */,
				8E58E8EF1D1C6A92004247DB /* Release */,
			);
			defaultConfigurationIsVisible = 0;
			defaultConfigurationName = Release;
		};
		8E58E8F01D1C6A92004247DB /* Build configuration list for PBXNativeTarget "InstaPrynt" */ = {
			isa = XCConfigurationList;
			buildConfigurations = (
				8E58E8F11D1C6A92004247DB /* Debug */,
				8E58E8F21D1C6A92004247DB /* Release */,
			);
			defaultConfigurationIsVisible = 0;
		};
		8E58E8F31D1C6A92004247DB /* Build configuration list for PBXNativeTarget "InstaPryntTests" */ = {
			isa = XCConfigurationList;
			buildConfigurations = (
				8E58E8F41D1C6A92004247DB /* Debug */,
				8E58E8F51D1C6A92004247DB /* Release */,
			);
			defaultConfigurationIsVisible = 0;
		};
		8E58E8F61D1C6A92004247DB /* Build configuration list for PBXNativeTarget "InstaPryntUITests" */ = {
			isa = XCConfigurationList;
			buildConfigurations = (
				8E58E8F71D1C6A92004247DB /* Debug */,
				8E58E8F81D1C6A92004247DB /* Release */,
			);
			defaultConfigurationIsVisible = 0;
		};
/* End XCConfigurationList section */
	};
	rootObject = 8E58E8C01D1C6A91004247DB /* Project object */;
}
